
Microsoft Visual Studio Solution File, Format Version 12.00
# Visual Studio Version 16
VisualStudioVersion = 16.0.28922.388
MinimumVisualStudioVersion = 10.0.40219.1
Project("{FAE04EC0-301F-11D3-BF4B-00C04F79EFBC}") = "MyFirstUnitTests", "MyFirstUnitTests\MyFirstUnitTests.csproj", "{0A24A309-8774-4C0B-BF6B-8049E5BCA0CF}"
EndProject
Global
	GlobalSection(SolutionConfigurationPlatforms) = preSolution
		Debug|Any CPU = Debug|Any CPU
		Release|Any CPU = Release|Any CPU
	EndGlobalSection
	GlobalSection(ProjectConfigurationPlatforms) = postSolution
		{0A24A309-8774-4C0B-BF6B-8049E5BCA0CF}.Debug|Any CPU.ActiveCfg = Debug|Any CPU
		{0A24A309-8774-4C0B-BF6B-8049E5BCA0CF}.Debug|Any CPU.Build.0 = Debug|Any CPU
		{0A24A309-8774-4C0B-BF6B-8049E5BCA0CF}.Release|Any CPU.ActiveCfg = Release|Any CPU
		{0A24A309-8774-4C0B-BF6B-8049E5BCA0CF}.Release|Any CPU.Build.0 = Release|Any CPU
	EndGlobalSection
	GlobalSection(SolutionProperties) = preSolution
		HideSolutionNode = FALSE
	EndGlobalSection
	GlobalSection(ExtensibilityGlobals) = postSolution
		SolutionGuid = {C14BC0F4-3A75-4FB6-9385-991D4B1E5695}
	EndGlobalSection
EndGlobal
